
Microsoft Visual Studio Solution File, Format Version 12.00
# Visual Studio Version 18
VisualStudioVersion = 18.5.11723.231
MinimumVisualStudioVersion = 10.0.40219.1
Project("{2150E333-8FDC-42A3-9474-1A3956D46DE8}") = "src", "src", "{827E0CD3-B72D-47B6-A68D-7590B98EB39B}"
EndProject
Project("{2150E333-8FDC-42A3-9474-1A3956D46DE8}") = "Shared", "Shared", "{C8E42992-5E42-0C2B-DBFE-AA848D06431C}"
EndProject
Project("{FAE04EC0-301F-11D3-BF4B-00C04F79EFBC}") = "AspNetProject.Contracts", "src\Shared\AspNetProject.Contracts\AspNetProject.Contracts.csproj", "{760159BA-2242-4353-9128-4D7D065905D0}"
EndProject
Project("{2150E333-8FDC-42A3-9474-1A3956D46DE8}") = "Services", "Services", "{984BB9B3-3FA3-BE33-9484-CAC21695A33C}"
EndProject
Project("{2150E333-8FDC-42A3-9474-1A3956D46DE8}") = "Users", "Users", "{E19C77F4-0114-A26A-3F6E-A6CDC9D84385}"
EndProject
Project("{FAE04EC0-301F-11D3-BF4B-00C04F79EFBC}") = "AspNetProject.Users.Domain", "src\Services\Users\AspNetProject.Users.Domain\AspNetProject.Users.Domain.csproj", "{467322EF-F75B-491F-8447-ADDA2F01FC37}"
EndProject
Project("{FAE04EC0-301F-11D3-BF4B-00C04F79EFBC}") = "AspNetProject.Users.Application", "src\Services\Users\AspNetProject.Users.Application\AspNetProject.Users.Application.csproj", "{7D9139B2-FE50-4A5E-8C71-C1B2755BE798}"
EndProject
Project("{FAE04EC0-301F-11D3-BF4B-00C04F79EFBC}") = "AspNetProject.Users.Infrastructure", "src\Services\Users\AspNetProject.Users.Infrastructure\AspNetProject.Users.Infrastructure.csproj", "{EFEB9F00-14A6-4DB0-92C3-45CE0033E56D}"
EndProject
Project("{FAE04EC0-301F-11D3-BF4B-00C04F79EFBC}") = "AspNetProject.Users.Api", "src\Services\Users\AspNetProject.Users.Api\AspNetProject.Users.Api.csproj", "{FB648CCC-E67D-4DF8-880F-664D94FE9C8F}"
EndProject
Project("{2150E333-8FDC-42A3-9474-1A3956D46DE8}") = "Events", "Events", "{D4D2386B-2EB3-B123-B9A2-A224B8047731}"
EndProject
Project("{FAE04EC0-301F-11D3-BF4B-00C04F79EFBC}") = "AspNetProject.Events.Domain", "src\Services\Events\AspNetProject.Events.Domain\AspNetProject.Events.Domain.csproj", "{949DC1CB-FC6D-4795-B445-95B3B6F21AF4}"
EndProject
Project("{FAE04EC0-301F-11D3-BF4B-00C04F79EFBC}") = "AspNetProject.Events.Application", "src\Services\Events\AspNetProject.Events.Application\AspNetProject.Events.Application.csproj", "{DB431D3B-0487-4D99-83AE-D45931E2F037}"
EndProject
Project("{FAE04EC0-301F-11D3-BF4B-00C04F79EFBC}") = "AspNetProject.Events.Infrastructure", "src\Services\Events\AspNetProject.Events.Infrastructure\AspNetProject.Events.Infrastructure.csproj", "{637D5F96-EBB0-47FE-8C1A-B16F91ACBA48}"
EndProject
Project("{FAE04EC0-301F-11D3-BF4B-00C04F79EFBC}") = "AspNetProject.Events.Api", "src\Services\Events\AspNetProject.Events.Api\AspNetProject.Events.Api.csproj", "{43FBCB74-39AF-47F7-BAE1-97C350391647}"
EndProject
Project("{2150E333-8FDC-42A3-9474-1A3956D46DE8}") = "Bookings", "Bookings", "{4F30E5BA-E75B-E712-7D33-614FD745B8FF}"
EndProject
Project("{FAE04EC0-301F-11D3-BF4B-00C04F79EFBC}") = "AspNetProject.Bookings.Domain", "src\Services\Bookings\AspNetProject.Bookings.Domain\AspNetProject.Bookings.Domain.csproj", "{25DBF797-8217-4843-A5B2-90F33E0B3FB6}"
EndProject
Project("{FAE04EC0-301F-11D3-BF4B-00C04F79EFBC}") = "AspNetProject.Bookings.Application", "src\Services\Bookings\AspNetProject.Bookings.Application\AspNetProject.Bookings.Application.csproj", "{7E677D95-106D-4E7F-A156-F3CA1C52E486}"
EndProject
Project("{FAE04EC0-301F-11D3-BF4B-00C04F79EFBC}") = "AspNetProject.Bookings.Infrastructure", "src\Services\Bookings\AspNetProject.Bookings.Infrastructure\AspNetProject.Bookings.Infrastructure.csproj", "{E4226F97-AB2E-4D42-943F-397856B0DDA6}"
EndProject
Project("{FAE04EC0-301F-11D3-BF4B-00C04F79EFBC}") = "AspNetProject.Bookings.Api", "src\Services\Bookings\AspNetProject.Bookings.Api\AspNetProject.Bookings.Api.csproj", "{2A99BCFF-596B-48A0-B896-5D4FCBE590C1}"
EndProject
Project("{2150E333-8FDC-42A3-9474-1A3956D46DE8}") = "tests", "tests", "{0AB3BF05-4346-4AA6-1389-037BE0695223}"
EndProject
Project("{FAE04EC0-301F-11D3-BF4B-00C04F79EFBC}") = "AspNetProject.Sprint9.Tests", "tests\AspNetProject.Sprint9.Tests\AspNetProject.Sprint9.Tests.csproj", "{342F9957-34CA-45CD-8AEA-D20DA0C14DD4}"
EndProject
Global
	GlobalSection(SolutionConfigurationPlatforms) = preSolution
		Debug|Any CPU = Debug|Any CPU
		Debug|x64 = Debug|x64
		Debug|x86 = Debug|x86
		Release|Any CPU = Release|Any CPU
		Release|x64 = Release|x64
		Release|x86 = Release|x86
	EndGlobalSection
	GlobalSection(ProjectConfigurationPlatforms) = postSolution
		{760159BA-2242-4353-9128-4D7D065905D0}.Debug|Any CPU.ActiveCfg = Debug|Any CPU
		{760159BA-2242-4353-9128-4D7D065905D0}.Debug|Any CPU.Build.0 = Debug|Any CPU
		{760159BA-2242-4353-9128-4D7D065905D0}.Debug|x64.ActiveCfg = Debug|Any CPU
		{760159BA-2242-4353-9128-4D7D065905D0}.Debug|x64.Build.0 = Debug|Any CPU
		{760159BA-2242-4353-9128-4D7D065905D0}.Debug|x86.ActiveCfg = Debug|Any CPU
		{760159BA-2242-4353-9128-4D7D065905D0}.Debug|x86.Build.0 = Debug|Any CPU
		{760159BA-2242-4353-9128-4D7D065905D0}.Release|Any CPU.ActiveCfg = Release|Any CPU
		{760159BA-2242-4353-9128-4D7D065905D0}.Release|Any CPU.Build.0 = Release|Any CPU
		{760159BA-2242-4353-9128-4D7D065905D0}.Release|x64.ActiveCfg = Release|Any CPU
		{760159BA-2242-4353-9128-4D7D065905D0}.Release|x64.Build.0 = Release|Any CPU
		{760159BA-2242-4353-9128-4D7D065905D0}.Release|x86.ActiveCfg = Release|Any CPU
		{760159BA-2242-4353-9128-4D7D065905D0}.Release|x86.Build.0 = Release|Any CPU
		{467322EF-F75B-491F-8447-ADDA2F01FC37}.Debug|Any CPU.ActiveCfg = Debug|Any CPU
		{467322EF-F75B-491F-8447-ADDA2F01FC37}.Debug|Any CPU.Build.0 = Debug|Any CPU
		{467322EF-F75B-491F-8447-ADDA2F01FC37}.Debug|x64.ActiveCfg = Debug|Any CPU
		{467322EF-F75B-491F-8447-ADDA2F01FC37}.Debug|x64.Build.0 = Debug|Any CPU
		{467322EF-F75B-491F-8447-ADDA2F01FC37}.Debug|x86.ActiveCfg = Debug|Any CPU
		{467322EF-F75B-491F-8447-ADDA2F01FC37}.Debug|x86.Build.0 = Debug|Any CPU
		{467322EF-F75B-491F-8447-ADDA2F01FC37}.Release|Any CPU.ActiveCfg = Release|Any CPU
		{467322EF-F75B-491F-8447-ADDA2F01FC37}.Release|Any CPU.Build.0 = Release|Any CPU
		{467322EF-F75B-491F-8447-ADDA2F01FC37}.Release|x64.ActiveCfg = Release|Any CPU
		{467322EF-F75B-491F-8447-ADDA2F01FC37}.Release|x64.Build.0 = Release|Any CPU
		{467322EF-F75B-491F-8447-ADDA2F01FC37}.Release|x86.ActiveCfg = Release|Any CPU
		{467322EF-F75B-491F-8447-ADDA2F01FC37}.Release|x86.Build.0 = Release|Any CPU
		{7D9139B2-FE50-4A5E-8C71-C1B2755BE798}.Debug|Any CPU.ActiveCfg = Debug|Any CPU
		{7D9139B2-FE50-4A5E-8C71-C1B2755BE798}.Debug|Any CPU.Build.0 = Debug|Any CPU
		{7D9139B2-FE50-4A5E-8C71-C1B2755BE798}.Debug|x64.ActiveCfg = Debug|Any CPU
		{7D9139B2-FE50-4A5E-8C71-C1B2755BE798}.Debug|x64.Build.0 = Debug|Any CPU
		{7D9139B2-FE50-4A5E-8C71-C1B2755BE798}.Debug|x86.ActiveCfg = Debug|Any CPU
		{7D9139B2-FE50-4A5E-8C71-C1B2755BE798}.Debug|x86.Build.0 = Debug|Any CPU
		{7D9139B2-FE50-4A5E-8C71-C1B2755BE798}.Release|Any CPU.ActiveCfg = Release|Any CPU
		{7D9139B2-FE50-4A5E-8C71-C1B2755BE798}.Release|Any CPU.Build.0 = Release|Any CPU
		{7D9139B2-FE50-4A5E-8C71-C1B2755BE798}.Release|x64.ActiveCfg = Release|Any CPU
		{7D9139B2-FE50-4A5E-8C71-C1B2755BE798}.Release|x64.Build.0 = Release|Any CPU
		{7D9139B2-FE50-4A5E-8C71-C1B2755BE798}.Release|x86.ActiveCfg = Release|Any CPU
		{7D9139B2-FE50-4A5E-8C71-C1B2755BE798}.Release|x86.Build.0 = Release|Any CPU
		{EFEB9F00-14A6-4DB0-92C3-45CE0033E56D}.Debug|Any CPU.ActiveCfg = Debug|Any CPU
		{EFEB9F00-14A6-4DB0-92C3-45CE0033E56D}.Debug|Any CPU.Build.0 = Debug|Any CPU
		{EFEB9F00-14A6-4DB0-92C3-45CE0033E56D}.Debug|x64.ActiveCfg = Debug|Any CPU
		{EFEB9F00-14A6-4DB0-92C3-45CE0033E56D}.Debug|x64.Build.0 = Debug|Any CPU
		{EFEB9F00-14A6-4DB0-92C3-45CE0033E56D}.Debug|x86.ActiveCfg = Debug|Any CPU
		{EFEB9F00-14A6-4DB0-92C3-45CE0033E56D}.Debug|x86.Build.0 = Debug|Any CPU
		{EFEB9F00-14A6-4DB0-92C3-45CE0033E56D}.Release|Any CPU.ActiveCfg = Release|Any CPU
		{EFEB9F00-14A6-4DB0-92C3-45CE0033E56D}.Release|Any CPU.Build.0 = Release|Any CPU
		{EFEB9F00-14A6-4DB0-92C3-45CE0033E56D}.Release|x64.ActiveCfg = Release|Any CPU
		{EFEB9F00-14A6-4DB0-92C3-45CE0033E56D}.Release|x64.Build.0 = Release|Any CPU
		{EFEB9F00-14A6-4DB0-92C3-45CE0033E56D}.Release|x86.ActiveCfg = Release|Any CPU
		{EFEB9F00-14A6-4DB0-92C3-45CE0033E56D}.Release|x86.Build.0 = Release|Any CPU
		{FB648CCC-E67D-4DF8-880F-664D94FE9C8F}.Debug|Any CPU.ActiveCfg = Debug|Any CPU
		{FB648CCC-E67D-4DF8-880F-664D94FE9C8F}.Debug|Any CPU.Build.0 = Debug|Any CPU
		{FB648CCC-E67D-4DF8-880F-664D94FE9C8F}.Debug|x64.ActiveCfg = Debug|Any CPU
		{FB648CCC-E67D-4DF8-880F-664D94FE9C8F}.Debug|x64.Build.0 = Debug|Any CPU
		{FB648CCC-E67D-4DF8-880F-664D94FE9C8F}.Debug|x86.ActiveCfg = Debug|Any CPU
		{FB648CCC-E67D-4DF8-880F-664D94FE9C8F}.Debug|x86.Build.0 = Debug|Any CPU
		{FB648CCC-E67D-4DF8-880F-664D94FE9C8F}.Release|Any CPU.ActiveCfg = Release|Any CPU
		{FB648CCC-E67D-4DF8-880F-664D94FE9C8F}.Release|Any CPU.Build.0 = Release|Any CPU
		{FB648CCC-E67D-4DF8-880F-664D94FE9C8F}.Release|x64.ActiveCfg = Release|Any CPU
		{FB648CCC-E67D-4DF8-880F-664D94FE9C8F}.Release|x64.Build.0 = Release|Any CPU
		{FB648CCC-E67D-4DF8-880F-664D94FE9C8F}.Release|x86.ActiveCfg = Release|Any CPU
		{FB648CCC-E67D-4DF8-880F-664D94FE9C8F}.Release|x86.Build.0 = Release|Any CPU
		{949DC1CB-FC6D-4795-B445-95B3B6F21AF4}.Debug|Any CPU.ActiveCfg = Debug|Any CPU
		{949DC1CB-FC6D-4795-B445-95B3B6F21AF4}.Debug|Any CPU.Build.0 = Debug|Any CPU
		{949DC1CB-FC6D-4795-B445-95B3B6F21AF4}.Debug|x64.ActiveCfg = Debug|Any CPU
		{949DC1CB-FC6D-4795-B445-95B3B6F21AF4}.Debug|x64.Build.0 = Debug|Any CPU
		{949DC1CB-FC6D-4795-B445-95B3B6F21AF4}.Debug|x86.ActiveCfg = Debug|Any CPU
		{949DC1CB-FC6D-4795-B445-95B3B6F21AF4}.Debug|x86.Build.0 = Debug|Any CPU
		{949DC1CB-FC6D-4795-B445-95B3B6F21AF4}.Release|Any CPU.ActiveCfg = Release|Any CPU
		{949DC1CB-FC6D-4795-B445-95B3B6F21AF4}.Release|Any CPU.Build.0 = Release|Any CPU
		{949DC1CB-FC6D-4795-B445-95B3B6F21AF4}.Release|x64.ActiveCfg = Release|Any CPU
		{949DC1CB-FC6D-4795-B445-95B3B6F21AF4}.Release|x64.Build.0 = Release|Any CPU
		{949DC1CB-FC6D-4795-B445-95B3B6F21AF4}.Release|x86.ActiveCfg = Release|Any CPU
		{949DC1CB-FC6D-4795-B445-95B3B6F21AF4}.Release|x86.Build.0 = Release|Any CPU
		{DB431D3B-0487-4D99-83AE-D45931E2F037}.Debug|Any CPU.ActiveCfg = Debug|Any CPU
		{DB431D3B-0487-4D99-83AE-D45931E2F037}.Debug|Any CPU.Build.0 = Debug|Any CPU
		{DB431D3B-0487-4D99-83AE-D45931E2F037}.Debug|x64.ActiveCfg = Debug|Any CPU
		{DB431D3B-0487-4D99-83AE-D45931E2F037}.Debug|x64.Build.0 = Debug|Any CPU
		{DB431D3B-0487-4D99-83AE-D45931E2F037}.Debug|x86.ActiveCfg = Debug|Any CPU
		{DB431D3B-0487-4D99-83AE-D45931E2F037}.Debug|x86.Build.0 = Debug|Any CPU
		{DB431D3B-0487-4D99-83AE-D45931E2F037}.Release|Any CPU.ActiveCfg = Release|Any CPU
		{DB431D3B-0487-4D99-83AE-D45931E2F037}.Release|Any CPU.Build.0 = Release|Any CPU
		{DB431D3B-0487-4D99-83AE-D45931E2F037}.Release|x64.ActiveCfg = Release|Any CPU
		{DB431D3B-0487-4D99-83AE-D45931E2F037}.Release|x64.Build.0 = Release|Any CPU
		{DB431D3B-0487-4D99-83AE-D45931E2F037}.Release|x86.ActiveCfg = Release|Any CPU
		{DB431D3B-0487-4D99-83AE-D45931E2F037}.Release|x86.Build.0 = Release|Any CPU
		{637D5F96-EBB0-47FE-8C1A-B16F91ACBA48}.Debug|Any CPU.ActiveCfg = Debug|Any CPU
		{637D5F96-EBB0-47FE-8C1A-B16F91ACBA48}.Debug|Any CPU.Build.0 = Debug|Any CPU
		{637D5F96-EBB0-47FE-8C1A-B16F91ACBA48}.Debug|x64.ActiveCfg = Debug|Any CPU
		{637D5F96-EBB0-47FE-8C1A-B16F91ACBA48}.Debug|x64.Build.0 = Debug|Any CPU
		{637D5F96-EBB0-47FE-8C1A-B16F91ACBA48}.Debug|x86.ActiveCfg = Debug|Any CPU
		{637D5F96-EBB0-47FE-8C1A-B16F91ACBA48}.Debug|x86.Build.0 = Debug|Any CPU
		{637D5F96-EBB0-47FE-8C1A-B16F91ACBA48}.Release|Any CPU.ActiveCfg = Release|Any CPU
		{637D5F96-EBB0-47FE-8C1A-B16F91ACBA48}.Release|Any CPU.Build.0 = Release|Any CPU
		{637D5F96-EBB0-47FE-8C1A-B16F91ACBA48}.Release|x64.ActiveCfg = Release|Any CPU
		{637D5F96-EBB0-47FE-8C1A-B16F91ACBA48}.Release|x64.Build.0 = Release|Any CPU
		{637D5F96-EBB0-47FE-8C1A-B16F91ACBA48}.Release|x86.ActiveCfg = Release|Any CPU
		{637D5F96-EBB0-47FE-8C1A-B16F91ACBA48}.Release|x86.Build.0 = Release|Any CPU
		{43FBCB74-39AF-47F7-BAE1-97C350391647}.Debug|Any CPU.ActiveCfg = Debug|Any CPU
		{43FBCB74-39AF-47F7-BAE1-97C350391647}.Debug|Any CPU.Build.0 = Debug|Any CPU
		{43FBCB74-39AF-47F7-BAE1-97C350391647}.Debug|x64.ActiveCfg = Debug|Any CPU
		{43FBCB74-39AF-47F7-BAE1-97C350391647}.Debug|x64.Build.0 = Debug|Any CPU
		{43FBCB74-39AF-47F7-BAE1-97C350391647}.Debug|x86.ActiveCfg = Debug|Any CPU
		{43FBCB74-39AF-47F7-BAE1-97C350391647}.Debug|x86.Build.0 = Debug|Any CPU
		{43FBCB74-39AF-47F7-BAE1-97C350391647}.Release|Any CPU.ActiveCfg = Release|Any CPU
		{43FBCB74-39AF-47F7-BAE1-97C350391647}.Release|Any CPU.Build.0 = Release|Any CPU
		{43FBCB74-39AF-47F7-BAE1-97C350391647}.Release|x64.ActiveCfg = Release|Any CPU
		{43FBCB74-39AF-47F7-BAE1-97C350391647}.Release|x64.Build.0 = Release|Any CPU
		{43FBCB74-39AF-47F7-BAE1-97C350391647}.Release|x86.ActiveCfg = Release|Any CPU
		{43FBCB74-39AF-47F7-BAE1-97C350391647}.Release|x86.Build.0 = Release|Any CPU
		{25DBF797-8217-4843-A5B2-90F33E0B3FB6}.Debug|Any CPU.ActiveCfg = Debug|Any CPU
		{25DBF797-8217-4843-A5B2-90F33E0B3FB6}.Debug|Any CPU.Build.0 = Debug|Any CPU
		{25DBF797-8217-4843-A5B2-90F33E0B3FB6}.Debug|x64.ActiveCfg = Debug|Any CPU
		{25DBF797-8217-4843-A5B2-90F33E0B3FB6}.Debug|x64.Build.0 = Debug|Any CPU
		{25DBF797-8217-4843-A5B2-90F33E0B3FB6}.Debug|x86.ActiveCfg = Debug|Any CPU
		{25DBF797-8217-4843-A5B2-90F33E0B3FB6}.Debug|x86.Build.0 = Debug|Any CPU
		{25DBF797-8217-4843-A5B2-90F33E0B3FB6}.Release|Any CPU.ActiveCfg = Release|Any CPU
		{25DBF797-8217-4843-A5B2-90F33E0B3FB6}.Release|Any CPU.Build.0 = Release|Any CPU
		{25DBF797-8217-4843-A5B2-90F33E0B3FB6}.Release|x64.ActiveCfg = Release|Any CPU
		{25DBF797-8217-4843-A5B2-90F33E0B3FB6}.Release|x64.Build.0 = Release|Any CPU
		{25DBF797-8217-4843-A5B2-90F33E0B3FB6}.Release|x86.ActiveCfg = Release|Any CPU
		{25DBF797-8217-4843-A5B2-90F33E0B3FB6}.Release|x86.Build.0 = Release|Any CPU
		{7E677D95-106D-4E7F-A156-F3CA1C52E486}.Debug|Any CPU.ActiveCfg = Debug|Any CPU
		{7E677D95-106D-4E7F-A156-F3CA1C52E486}.Debug|Any CPU.Build.0 = Debug|Any CPU
		{7E677D95-106D-4E7F-A156-F3CA1C52E486}.Debug|x64.ActiveCfg = Debug|Any CPU
		{7E677D95-106D-4E7F-A156-F3CA1C52E486}.Debug|x64.Build.0 = Debug|Any CPU
		{7E677D95-106D-4E7F-A156-F3CA1C52E486}.Debug|x86.ActiveCfg = Debug|Any CPU
		{7E677D95-106D-4E7F-A156-F3CA1C52E486}.Debug|x86.Build.0 = Debug|Any CPU
		{7E677D95-106D-4E7F-A156-F3CA1C52E486}.Release|Any CPU.ActiveCfg = Release|Any CPU
		{7E677D95-106D-4E7F-A156-F3CA1C52E486}.Release|Any CPU.Build.0 = Release|Any CPU
		{7E677D95-106D-4E7F-A156-F3CA1C52E486}.Release|x64.ActiveCfg = Release|Any CPU
		{7E677D95-106D-4E7F-A156-F3CA1C52E486}.Release|x64.Build.0 = Release|Any CPU
		{7E677D95-106D-4E7F-A156-F3CA1C52E486}.Release|x86.ActiveCfg = Release|Any CPU
		{7E677D95-106D-4E7F-A156-F3CA1C52E486}.Release|x86.Build.0 = Release|Any CPU
		{E4226F97-AB2E-4D42-943F-397856B0DDA6}.Debug|Any CPU.ActiveCfg = Debug|Any CPU
		{E4226F97-AB2E-4D42-943F-397856B0DDA6}.Debug|Any CPU.Build.0 = Debug|Any CPU
		{E4226F97-AB2E-4D42-943F-397856B0DDA6}.Debug|x64.ActiveCfg = Debug|Any CPU
		{E4226F97-AB2E-4D42-943F-397856B0DDA6}.Debug|x64.Build.0 = Debug|Any CPU
		{E4226F97-AB2E-4D42-943F-397856B0DDA6}.Debug|x86.ActiveCfg = Debug|Any CPU
		{E4226F97-AB2E-4D42-943F-397856B0DDA6}.Debug|x86.Build.0 = Debug|Any CPU
		{E4226F97-AB2E-4D42-943F-397856B0DDA6}.Release|Any CPU.ActiveCfg = Release|Any CPU
		{E4226F97-AB2E-4D42-943F-397856B0DDA6}.Release|Any CPU.Build.0 = Release|Any CPU
		{E4226F97-AB2E-4D42-943F-397856B0DDA6}.Release|x64.ActiveCfg = Release|Any CPU
		{E4226F97-AB2E-4D42-943F-397856B0DDA6}.Release|x64.Build.0 = Release|Any CPU
		{E4226F97-AB2E-4D42-943F-397856B0DDA6}.Release|x86.ActiveCfg = Release|Any CPU
		{E4226F97-AB2E-4D42-943F-397856B0DDA6}.Release|x86.Build.0 = Release|Any CPU
		{2A99BCFF-596B-48A0-B896-5D4FCBE590C1}.Debug|Any CPU.ActiveCfg = Debug|Any CPU
		{2A99BCFF-596B-48A0-B896-5D4FCBE590C1}.Debug|Any CPU.Build.0 = Debug|Any CPU
		{2A99BCFF-596B-48A0-B896-5D4FCBE590C1}.Debug|x64.ActiveCfg = Debug|Any CPU
		{2A99BCFF-596B-48A0-B896-5D4FCBE590C1}.Debug|x64.Build.0 = Debug|Any CPU
		{2A99BCFF-596B-48A0-B896-5D4FCBE590C1}.Debug|x86.ActiveCfg = Debug|Any CPU
		{2A99BCFF-596B-48A0-B896-5D4FCBE590C1}.Debug|x86.Build.0 = Debug|Any CPU
		{2A99BCFF-596B-48A0-B896-5D4FCBE590C1}.Release|Any CPU.ActiveCfg = Release|Any CPU
		{2A99BCFF-596B-48A0-B896-5D4FCBE590C1}.Release|Any CPU.Build.0 = Release|Any CPU
		{2A99BCFF-596B-48A0-B896-5D4FCBE590C1}.Release|x64.ActiveCfg = Release|Any CPU
		{2A99BCFF-596B-48A0-B896-5D4FCBE590C1}.Release|x64.Build.0 = Release|Any CPU
		{2A99BCFF-596B-48A0-B896-5D4FCBE590C1}.Release|x86.ActiveCfg = Release|Any CPU
		{2A99BCFF-596B-48A0-B896-5D4FCBE590C1}.Release|x86.Build.0 = Release|Any CPU
		{342F9957-34CA-45CD-8AEA-D20DA0C14DD4}.Debug|Any CPU.ActiveCfg = Debug|Any CPU
		{342F9957-34CA-45CD-8AEA-D20DA0C14DD4}.Debug|Any CPU.Build.0 = Debug|Any CPU
		{342F9957-34CA-45CD-8AEA-D20DA0C14DD4}.Debug|x64.ActiveCfg = Debug|Any CPU
		{342F9957-34CA-45CD-8AEA-D20DA0C14DD4}.Debug|x64.Build.0 = Debug|Any CPU
		{342F9957-34CA-45CD-8AEA-D20DA0C14DD4}.Debug|x86.ActiveCfg = Debug|Any CPU
		{342F9957-34CA-45CD-8AEA-D20DA0C14DD4}.Debug|x86.Build.0 = Debug|Any CPU
		{342F9957-34CA-45CD-8AEA-D20DA0C14DD4}.Release|Any CPU.ActiveCfg = Release|Any CPU
		{342F9957-34CA-45CD-8AEA-D20DA0C14DD4}.Release|Any CPU.Build.0 = Release|Any CPU
		{342F9957-34CA-45CD-8AEA-D20DA0C14DD4}.Release|x64.ActiveCfg = Release|Any CPU
		{342F9957-34CA-45CD-8AEA-D20DA0C14DD4}.Release|x64.Build.0 = Release|Any CPU
		{342F9957-34CA-45CD-8AEA-D20DA0C14DD4}.Release|x86.ActiveCfg = Release|Any CPU
		{342F9957-34CA-45CD-8AEA-D20DA0C14DD4}.Release|x86.Build.0 = Release|Any CPU
	EndGlobalSection
	GlobalSection(SolutionProperties) = preSolution
		HideSolutionNode = FALSE
	EndGlobalSection
	GlobalSection(NestedProjects) = preSolution
		{C8E42992-5E42-0C2B-DBFE-AA848D06431C} = {827E0CD3-B72D-47B6-A68D-7590B98EB39B}
		{760159BA-2242-4353-9128-4D7D065905D0} = {C8E42992-5E42-0C2B-DBFE-AA848D06431C}
		{984BB9B3-3FA3-BE33-9484-CAC21695A33C} = {827E0CD3-B72D-47B6-A68D-7590B98EB39B}
		{E19C77F4-0114-A26A-3F6E-A6CDC9D84385} = {984BB9B3-3FA3-BE33-9484-CAC21695A33C}
		{467322EF-F75B-491F-8447-ADDA2F01FC37} = {E19C77F4-0114-A26A-3F6E-A6CDC9D84385}
		{7D9139B2-FE50-4A5E-8C71-C1B2755BE798} = {E19C77F4-0114-A26A-3F6E-A6CDC9D84385}
		{EFEB9F00-14A6-4DB0-92C3-45CE0033E56D} = {E19C77F4-0114-A26A-3F6E-A6CDC9D84385}
		{FB648CCC-E67D-4DF8-880F-664D94FE9C8F} = {E19C77F4-0114-A26A-3F6E-A6CDC9D84385}
		{D4D2386B-2EB3-B123-B9A2-A224B8047731} = {984BB9B3-3FA3-BE33-9484-CAC21695A33C}
		{949DC1CB-FC6D-4795-B445-95B3B6F21AF4} = {D4D2386B-2EB3-B123-B9A2-A224B8047731}
		{DB431D3B-0487-4D99-83AE-D45931E2F037} = {D4D2386B-2EB3-B123-B9A2-A224B8047731}
		{637D5F96-EBB0-47FE-8C1A-B16F91ACBA48} = {D4D2386B-2EB3-B123-B9A2-A224B8047731}
		{43FBCB74-39AF-47F7-BAE1-97C350391647} = {D4D2386B-2EB3-B123-B9A2-A224B8047731}
		{4F30E5BA-E75B-E712-7D33-614FD745B8FF} = {984BB9B3-3FA3-BE33-9484-CAC21695A33C}
		{25DBF797-8217-4843-A5B2-90F33E0B3FB6} = {4F30E5BA-E75B-E712-7D33-614FD745B8FF}
		{7E677D95-106D-4E7F-A156-F3CA1C52E486} = {4F30E5BA-E75B-E712-7D33-614FD745B8FF}
		{E4226F97-AB2E-4D42-943F-397856B0DDA6} = {4F30E5BA-E75B-E712-7D33-614FD745B8FF}
		{2A99BCFF-596B-48A0-B896-5D4FCBE590C1} = {4F30E5BA-E75B-E712-7D33-614FD745B8FF}
		{342F9957-34CA-45CD-8AEA-D20DA0C14DD4} = {0AB3BF05-4346-4AA6-1389-037BE0695223}
	EndGlobalSection
	GlobalSection(ExtensibilityGlobals) = postSolution
		SolutionGuid = {FC351A0B-5C94-4C0B-9E00-D2B10ECACDA3}
	EndGlobalSection
EndGlobal
