
Microsoft Visual Studio Solution File, Format Version 12.00
# Visual Studio Version 18
VisualStudioVersion = 18.5.11723.231
MinimumVisualStudioVersion = 10.0.40219.1
Project("{FAE04EC0-301F-11D3-BF4B-00C04F79EFBC}") = "AspNetProject", "AspNetProject.csproj", "{AA91DC84-B3DA-2F74-0442-168AEA32EBA1}"
EndProject
Project("{FAE04EC0-301F-11D3-BF4B-00C04F79EFBC}") = "AspNetProject.Tests", "AspNetProject.Tests\AspNetProject.Tests.csproj", "{4C839EE7-2A38-4E64-865A-614D20443DDA}"
EndProject
Project("{FAE04EC0-301F-11D3-BF4B-00C04F79EFBC}") = "AspNetProject.IntegrationTests", "AspNetProject.IntegrationTests\AspNetProject.IntegrationTests.csproj", "{192BD197-A959-4E3D-9F7E-9B85C54802AE}"
EndProject
Project("{2150E333-8FDC-42A3-9474-1A3956D46DE8}") = "Domain", "Domain", "{996CEBED-A05B-5D42-3FF0-982E087A2599}"
EndProject
Project("{FAE04EC0-301F-11D3-BF4B-00C04F79EFBC}") = "AspNetProject.Domain", "Domain\AspNetProject.Domain.csproj", "{748C9E53-517C-4670-9465-D36C4A8A21EF}"
EndProject
Project("{2150E333-8FDC-42A3-9474-1A3956D46DE8}") = "Application", "Application", "{A74F262E-BDE7-D5D2-89E9-785413424D0A}"
EndProject
Project("{FAE04EC0-301F-11D3-BF4B-00C04F79EFBC}") = "AspNetProject.Application", "Application\AspNetProject.Application.csproj", "{77FDB882-DF0B-4B73-950B-62DBCDF04200}"
EndProject
Project("{2150E333-8FDC-42A3-9474-1A3956D46DE8}") = "Infrastructure", "Infrastructure", "{DFEE68D8-A7D0-1A41-506C-9B74AA9A7B7B}"
EndProject
Project("{FAE04EC0-301F-11D3-BF4B-00C04F79EFBC}") = "AspNetProject.Infrastructure", "Infrastructure\AspNetProject.Infrastructure.csproj", "{28ACA8B0-E37C-4ED3-97C1-2FFDB7D3E09A}"
EndProject
Global
	GlobalSection(SolutionConfigurationPlatforms) = preSolution
		Debug|Any CPU = Debug|Any CPU
		Debug|x64 = Debug|x64
		Debug|x86 = Debug|x86
		Release|Any CPU = Release|Any CPU
		Release|x64 = Release|x64
		Release|x86 = Release|x86
	EndGlobalSection
	GlobalSection(ProjectConfigurationPlatforms) = postSolution
		{AA91DC84-B3DA-2F74-0442-168AEA32EBA1}.Debug|Any CPU.ActiveCfg = Debug|Any CPU
		{AA91DC84-B3DA-2F74-0442-168AEA32EBA1}.Debug|Any CPU.Build.0 = Debug|Any CPU
		{AA91DC84-B3DA-2F74-0442-168AEA32EBA1}.Debug|x64.ActiveCfg = Debug|Any CPU
		{AA91DC84-B3DA-2F74-0442-168AEA32EBA1}.Debug|x64.Build.0 = Debug|Any CPU
		{AA91DC84-B3DA-2F74-0442-168AEA32EBA1}.Debug|x86.ActiveCfg = Debug|Any CPU
		{AA91DC84-B3DA-2F74-0442-168AEA32EBA1}.Debug|x86.Build.0 = Debug|Any CPU
		{AA91DC84-B3DA-2F74-0442-168AEA32EBA1}.Release|Any CPU.ActiveCfg = Release|Any CPU
		{AA91DC84-B3DA-2F74-0442-168AEA32EBA1}.Release|Any CPU.Build.0 = Release|Any CPU
		{AA91DC84-B3DA-2F74-0442-168AEA32EBA1}.Release|x64.ActiveCfg = Release|Any CPU
		{AA91DC84-B3DA-2F74-0442-168AEA32EBA1}.Release|x64.Build.0 = Release|Any CPU
		{AA91DC84-B3DA-2F74-0442-168AEA32EBA1}.Release|x86.ActiveCfg = Release|Any CPU
		{AA91DC84-B3DA-2F74-0442-168AEA32EBA1}.Release|x86.Build.0 = Release|Any CPU
		{4C839EE7-2A38-4E64-865A-614D20443DDA}.Debug|Any CPU.ActiveCfg = Debug|Any CPU
		{4C839EE7-2A38-4E64-865A-614D20443DDA}.Debug|Any CPU.Build.0 = Debug|Any CPU
		{4C839EE7-2A38-4E64-865A-614D20443DDA}.Debug|x64.ActiveCfg = Debug|Any CPU
		{4C839EE7-2A38-4E64-865A-614D20443DDA}.Debug|x64.Build.0 = Debug|Any CPU
		{4C839EE7-2A38-4E64-865A-614D20443DDA}.Debug|x86.ActiveCfg = Debug|Any CPU
		{4C839EE7-2A38-4E64-865A-614D20443DDA}.Debug|x86.Build.0 = Debug|Any CPU
		{4C839EE7-2A38-4E64-865A-614D20443DDA}.Release|Any CPU.ActiveCfg = Release|Any CPU
		{4C839EE7-2A38-4E64-865A-614D20443DDA}.Release|Any CPU.Build.0 = Release|Any CPU
		{4C839EE7-2A38-4E64-865A-614D20443DDA}.Release|x64.ActiveCfg = Release|Any CPU
		{4C839EE7-2A38-4E64-865A-614D20443DDA}.Release|x64.Build.0 = Release|Any CPU
		{4C839EE7-2A38-4E64-865A-614D20443DDA}.Release|x86.ActiveCfg = Release|Any CPU
		{4C839EE7-2A38-4E64-865A-614D20443DDA}.Release|x86.Build.0 = Release|Any CPU
		{192BD197-A959-4E3D-9F7E-9B85C54802AE}.Debug|Any CPU.ActiveCfg = Debug|Any CPU
		{192BD197-A959-4E3D-9F7E-9B85C54802AE}.Debug|Any CPU.Build.0 = Debug|Any CPU
		{192BD197-A959-4E3D-9F7E-9B85C54802AE}.Debug|x64.ActiveCfg = Debug|Any CPU
		{192BD197-A959-4E3D-9F7E-9B85C54802AE}.Debug|x64.Build.0 = Debug|Any CPU
		{192BD197-A959-4E3D-9F7E-9B85C54802AE}.Debug|x86.ActiveCfg = Debug|Any CPU
		{192BD197-A959-4E3D-9F7E-9B85C54802AE}.Debug|x86.Build.0 = Debug|Any CPU
		{192BD197-A959-4E3D-9F7E-9B85C54802AE}.Release|Any CPU.ActiveCfg = Release|Any CPU
		{192BD197-A959-4E3D-9F7E-9B85C54802AE}.Release|Any CPU.Build.0 = Release|Any CPU
		{192BD197-A959-4E3D-9F7E-9B85C54802AE}.Release|x64.ActiveCfg = Release|Any CPU
		{192BD197-A959-4E3D-9F7E-9B85C54802AE}.Release|x64.Build.0 = Release|Any CPU
		{192BD197-A959-4E3D-9F7E-9B85C54802AE}.Release|x86.ActiveCfg = Release|Any CPU
		{192BD197-A959-4E3D-9F7E-9B85C54802AE}.Release|x86.Build.0 = Release|Any CPU
		{748C9E53-517C-4670-9465-D36C4A8A21EF}.Debug|Any CPU.ActiveCfg = Debug|Any CPU
		{748C9E53-517C-4670-9465-D36C4A8A21EF}.Debug|Any CPU.Build.0 = Debug|Any CPU
		{748C9E53-517C-4670-9465-D36C4A8A21EF}.Debug|x64.ActiveCfg = Debug|Any CPU
		{748C9E53-517C-4670-9465-D36C4A8A21EF}.Debug|x64.Build.0 = Debug|Any CPU
		{748C9E53-517C-4670-9465-D36C4A8A21EF}.Debug|x86.ActiveCfg = Debug|Any CPU
		{748C9E53-517C-4670-9465-D36C4A8A21EF}.Debug|x86.Build.0 = Debug|Any CPU
		{748C9E53-517C-4670-9465-D36C4A8A21EF}.Release|Any CPU.ActiveCfg = Release|Any CPU
		{748C9E53-517C-4670-9465-D36C4A8A21EF}.Release|Any CPU.Build.0 = Release|Any CPU
		{748C9E53-517C-4670-9465-D36C4A8A21EF}.Release|x64.ActiveCfg = Release|Any CPU
		{748C9E53-517C-4670-9465-D36C4A8A21EF}.Release|x64.Build.0 = Release|Any CPU
		{748C9E53-517C-4670-9465-D36C4A8A21EF}.Release|x86.ActiveCfg = Release|Any CPU
		{748C9E53-517C-4670-9465-D36C4A8A21EF}.Release|x86.Build.0 = Release|Any CPU
		{77FDB882-DF0B-4B73-950B-62DBCDF04200}.Debug|Any CPU.ActiveCfg = Debug|Any CPU
		{77FDB882-DF0B-4B73-950B-62DBCDF04200}.Debug|Any CPU.Build.0 = Debug|Any CPU
		{77FDB882-DF0B-4B73-950B-62DBCDF04200}.Debug|x64.ActiveCfg = Debug|Any CPU
		{77FDB882-DF0B-4B73-950B-62DBCDF04200}.Debug|x64.Build.0 = Debug|Any CPU
		{77FDB882-DF0B-4B73-950B-62DBCDF04200}.Debug|x86.ActiveCfg = Debug|Any CPU
		{77FDB882-DF0B-4B73-950B-62DBCDF04200}.Debug|x86.Build.0 = Debug|Any CPU
		{77FDB882-DF0B-4B73-950B-62DBCDF04200}.Release|Any CPU.ActiveCfg = Release|Any CPU
		{77FDB882-DF0B-4B73-950B-62DBCDF04200}.Release|Any CPU.Build.0 = Release|Any CPU
		{77FDB882-DF0B-4B73-950B-62DBCDF04200}.Release|x64.ActiveCfg = Release|Any CPU
		{77FDB882-DF0B-4B73-950B-62DBCDF04200}.Release|x64.Build.0 = Release|Any CPU
		{77FDB882-DF0B-4B73-950B-62DBCDF04200}.Release|x86.ActiveCfg = Release|Any CPU
		{77FDB882-DF0B-4B73-950B-62DBCDF04200}.Release|x86.Build.0 = Release|Any CPU
		{28ACA8B0-E37C-4ED3-97C1-2FFDB7D3E09A}.Debug|Any CPU.ActiveCfg = Debug|Any CPU
		{28ACA8B0-E37C-4ED3-97C1-2FFDB7D3E09A}.Debug|Any CPU.Build.0 = Debug|Any CPU
		{28ACA8B0-E37C-4ED3-97C1-2FFDB7D3E09A}.Debug|x64.ActiveCfg = Debug|Any CPU
		{28ACA8B0-E37C-4ED3-97C1-2FFDB7D3E09A}.Debug|x64.Build.0 = Debug|Any CPU
		{28ACA8B0-E37C-4ED3-97C1-2FFDB7D3E09A}.Debug|x86.ActiveCfg = Debug|Any CPU
		{28ACA8B0-E37C-4ED3-97C1-2FFDB7D3E09A}.Debug|x86.Build.0 = Debug|Any CPU
		{28ACA8B0-E37C-4ED3-97C1-2FFDB7D3E09A}.Release|Any CPU.ActiveCfg = Release|Any CPU
		{28ACA8B0-E37C-4ED3-97C1-2FFDB7D3E09A}.Release|Any CPU.Build.0 = Release|Any CPU
		{28ACA8B0-E37C-4ED3-97C1-2FFDB7D3E09A}.Release|x64.ActiveCfg = Release|Any CPU
		{28ACA8B0-E37C-4ED3-97C1-2FFDB7D3E09A}.Release|x64.Build.0 = Release|Any CPU
		{28ACA8B0-E37C-4ED3-97C1-2FFDB7D3E09A}.Release|x86.ActiveCfg = Release|Any CPU
		{28ACA8B0-E37C-4ED3-97C1-2FFDB7D3E09A}.Release|x86.Build.0 = Release|Any CPU
	EndGlobalSection
	GlobalSection(SolutionProperties) = preSolution
		HideSolutionNode = FALSE
	EndGlobalSection
	GlobalSection(NestedProjects) = preSolution
		{748C9E53-517C-4670-9465-D36C4A8A21EF} = {996CEBED-A05B-5D42-3FF0-982E087A2599}
		{77FDB882-DF0B-4B73-950B-62DBCDF04200} = {A74F262E-BDE7-D5D2-89E9-785413424D0A}
		{28ACA8B0-E37C-4ED3-97C1-2FFDB7D3E09A} = {DFEE68D8-A7D0-1A41-506C-9B74AA9A7B7B}
	EndGlobalSection
	GlobalSection(ExtensibilityGlobals) = postSolution
		SolutionGuid = {FC351A0B-5C94-4C0B-9E00-D2B10ECACDA3}
	EndGlobalSection
EndGlobal
